
Microsoft Visual Studio Solution File, Format Version 12.00
# Visual Studio Version 17
VisualStudioVersion = 17.1.32421.90
MinimumVisualStudioVersion = 10.0.40219.1
Project("{FAE04EC0-301F-11D3-BF4B-00C04F79EFBC}") = "OPP_TEST", "OPP_TEST.csproj", "{82A2AB1C-3523-4F27-A99A-566265E08785}"
EndProject
Global
	GlobalSection(SolutionConfigurationPlatforms) = preSolution
		Debug|Any CPU = Debug|Any CPU
		Release|Any CPU = Release|Any CPU
	EndGlobalSection
	GlobalSection(ProjectConfigurationPlatforms) = postSolution
		{82A2AB1C-3523-4F27-A99A-566265E08785}.Debug|Any CPU.ActiveCfg = Debug|Any CPU
		{82A2AB1C-3523-4F27-A99A-566265E08785}.Debug|Any CPU.Build.0 = Debug|Any CPU
		{82A2AB1C-3523-4F27-A99A-566265E08785}.Release|Any CPU.ActiveCfg = Release|Any CPU
		{82A2AB1C-3523-4F27-A99A-566265E08785}.Release|Any CPU.Build.0 = Release|Any CPU
	EndGlobalSection
	GlobalSection(SolutionProperties) = preSolution
		HideSolutionNode = FALSE
	EndGlobalSection
	GlobalSection(ExtensibilityGlobals) = postSolution
		SolutionGuid = {A7DA54D9-59E7-4A98-9053-26C7466D2422}
	EndGlobalSection
EndGlobal
